// !$*UTF8*$!
{
	archiveVersion = 1;
	classes = {
	};
	objectVersion = 77;
	objects = {

/* Begin PBXBuildFile section */
		1D0E33052E43742600D79EAB /* MLCSwift in Frameworks */ = {isa = PBXBuildFile; productRef = 1D0E33042E43742600D79EAB /* MLCSwift */; };
/* End PBXBuildFile section */

/* Begin PBXContainerItemProxy section */
		1D0E32E72E43728000D79EAB /* PBXContainerItemProxy */ = {
			isa = PBXContainerItemProxy;
			containerPortal = 1D0E32CF2E43727F00D79EAB /* Project object */;
			proxyType = 1;
			remoteGlobalIDString = 1D0E32D62E43727F00D79EAB;
			remoteInfo = SecretBot;
		};
		1D0E32F12E43728000D79EAB /* PBXContainerItemProxy */ = {
			isa = PBXContainerItemProxy;
			containerPortal = 1D0E32CF2E43727F00D79EAB /* Project object */;
			proxyType = 1;
			remoteGlobalIDString = 1D0E32D62E43727F00D79EAB;
			remoteInfo = SecretBot;
		};
/* End PBXContainerItemProxy section */

/* Begin PBXFileReference section */
		1D0E32D72E43727F00D79EAB /* SecretBot.app */ = {isa = PBXFileReference; explicitFileType = wrapper.application; includeInIndex = 0; path = SecretBot.app; sourceTree = BUILT_PRODUCTS_DIR; };
		1D0E32E62E43728000D79EAB /* SecretBotTests.xctest */ = {isa = PBXFileReference; explicitFileType = wrapper.cfbundle; includeInIndex = 0; path = SecretBotTests.xctest; sourceTree = BUILT_PRODUCTS_DIR; };
		1D0E32F02E43728000D79EAB /* SecretBotUITests.xctest */ = {isa = PBXFileReference; explicitFileType = wrapper.cfbundle; includeInIndex = 0; path = SecretBotUITests.xctest; sourceTree = BUILT_PRODUCTS_DIR; };
/* End PBXFileReference section */

/* Begin PBXFileSystemSynchronizedRootGroup section */
		1D0E32D92E43727F00D79EAB /* SecretBot */ = {
			isa = PBXFileSystemSynchronizedRootGroup;
			path = SecretBot;
			sourceTree = "<group>";
		};
		1D0E32E92E43728000D79EAB /* SecretBotTests */ = {
			isa = PBXFileSystemSynchronizedRootGroup;
			path = SecretBotTests;
			sourceTree = "<group>";
		};
		1D0E32F32E43728000D79EAB /* SecretBotUITests */ = {
			isa = PBXFileSystemSynchronizedRootGroup;
			path = SecretBotUITests;
			sourceTree = "<group>";
		};
		1D0E33592E43744500D79EAB /* phi3_myself-MLC */ = {
			isa = PBXFileSystemSynchronizedRootGroup;
			path = "phi3_myself-MLC";
			sourceTree = "<group>";
		};
/* End PBXFileSystemSynchronizedRootGroup section */

/* Begin PBXFrameworksBuildPhase section */
		1D0E32D42E43727F00D79EAB /* Frameworks */ = {
			isa = PBXFrameworksBuildPhase;
			buildActionMask = 2147483647;
			files = (
				1D0E33052E43742600D79EAB /* MLCSwift in Frameworks */,
			);
			runOnlyForDeploymentPostprocessing = 0;
		};
		1D0E32E32E43728000D79EAB /* Frameworks */ = {
			isa = PBXFrameworksBuildPhase;
			buildActionMask = 2147483647;
			files = (
			);
			runOnlyForDeploymentPostprocessing = 0;
		};
		1D0E32ED2E43728000D79EAB /* Frameworks */ = {
			isa = PBXFrameworksBuildPhase;
			buildActionMask = 2147483647;
			files = (
			);
			runOnlyForDeploymentPostprocessing = 0;
		};
/* End PBXFrameworksBuildPhase section */

/* Begin PBXGroup section */
		1D0E32CE2E43727F00D79EAB = {
			isa = PBXGroup;
			children = (
				1D0E32D92E43727F00D79EAB /* SecretBot */,
				1D0E32E92E43728000D79EAB /* SecretBotTests */,
				1D0E32F32E43728000D79EAB /* SecretBotUITests */,
				1D0E32D82E43727F00D79EAB /* Products */,
				1D0E33592E43744500D79EAB /* phi3_myself-MLC */,
			);
			sourceTree = "<group>";
		};
		1D0E32D82E43727F00D79EAB /* Products */ = {
			isa = PBXGroup;
			children = (
				1D0E32D72E43727F00D79EAB /* SecretBot.app */,
				1D0E32E62E43728000D79EAB /* SecretBotTests.xctest */,
				1D0E32F02E43728000D79EAB /* SecretBotUITests.xctest */,
			);
			name = Products;
			sourceTree = "<group>";
		};
/* End PBXGroup section */

/* Begin PBXNativeTarget section */
		1D0E32D62E43727F00D79EAB /* SecretBot */ = {
			isa = PBXNativeTarget;
			buildConfigurationList = 1D0E32FA2E43728000D79EAB /* Build configuration list for PBXNativeTarget "SecretBot" */;
			buildPhases = (
				1D0E32D32E43727F00D79EAB /* Sources */,
				1D0E32D42E43727F00D79EAB /* Frameworks */,
				1D0E32D52E43727F00D79EAB /* Resources */,
			);
			buildRules = (
			);
			dependencies = (
			);
			fileSystemSynchronizedGroups = (
				1D0E32D92E43727F00D79EAB /* SecretBot */,
				1D0E33592E43744500D79EAB /* phi3_myself-MLC */,
			);
			name = SecretBot;
			packageProductDependencies = (
				1D0E33042E43742600D79EAB /* MLCSwift */,
			);
			productName = SecretBot;
			productReference = 1D0E32D72E43727F00D79EAB /* SecretBot.app */;
			productType = "com.apple.product-type.application";
		};
		1D0E32E52E43728000D79EAB /* SecretBotTests */ = {
			isa = PBXNativeTarget;
			buildConfigurationList = 1D0E32FD2E43728000D79EAB /* Build configuration list for PBXNativeTarget "SecretBotTests" */;
			buildPhases = (
				1D0E32E22E43728000D79EAB /* Sources */,
				1D0E32E32E43728000D79EAB /* Frameworks */,
				1D0E32E42E43728000D79EAB /* Resources */,
			);
			buildRules = (
			);
			dependencies = (
				1D0E32E82E43728000D79EAB /* PBXTargetDependency */,
			);
			fileSystemSynchronizedGroups = (
				1D0E32E92E43728000D79EAB /* SecretBotTests */,
			);
			name = SecretBotTests;
			packageProductDependencies = (
			);
			productName = SecretBotTests;
			productReference = 1D0E32E62E43728000D79EAB /* SecretBotTests.xctest */;
			productType = "com.apple.product-type.bundle.unit-test";
		};
		1D0E32EF2E43728000D79EAB /* SecretBotUITests */ = {
			isa = PBXNativeTarget;
			buildConfigurationList = 1D0E33002E43728000D79EAB /* Build configuration list for PBXNativeTarget "SecretBotUITests" */;
			buildPhases = (
				1D0E32EC2E43728000D79EAB /* Sources */,
				1D0E32ED2E43728000D79EAB /* Frameworks */,
				1D0E32EE2E43728000D79EAB /* Resources */,
			);
			buildRules = (
			);
			dependencies = (
				1D0E32F22E43728000D79EAB /* PBXTargetDependency */,
			);
			fileSystemSynchronizedGroups = (
				1D0E32F32E43728000D79EAB /* SecretBotUITests */,
			);
			name = SecretBotUITests;
			packageProductDependencies = (
			);
			productName = SecretBotUITests;
			productReference = 1D0E32F02E43728000D79EAB /* SecretBotUITests.xctest */;
			productType = "com.apple.product-type.bundle.ui-testing";
		};
/* End PBXNativeTarget section */

/* Begin PBXProject section */
		1D0E32CF2E43727F00D79EAB /* Project object */ = {
			isa = PBXProject;
			attributes = {
				BuildIndependentTargetsInParallel = 1;
				LastSwiftUpdateCheck = 1640;
				LastUpgradeCheck = 1640;
				TargetAttributes = {
					1D0E32D62E43727F00D79EAB = {
						CreatedOnToolsVersion = 16.4;
					};
					1D0E32E52E43728000D79EAB = {
						CreatedOnToolsVersion = 16.4;
						TestTargetID = 1D0E32D62E43727F00D79EAB;
					};
					1D0E32EF2E43728000D79EAB = {
						CreatedOnToolsVersion = 16.4;
						TestTargetID = 1D0E32D62E43727F00D79EAB;
					};
				};
			};
			buildConfigurationList = 1D0E32D22E43727F00D79EAB /* Build configuration list for PBXProject "SecretBot" */;
			developmentRegion = en;
			hasScannedForEncodings = 0;
			knownRegions = (
				en,
				Base,
			);
			mainGroup = 1D0E32CE2E43727F00D79EAB;
			minimizedProjectReferenceProxies = 1;
			packageReferences = (
				1D0E33032E43742600D79EAB /* XCLocalSwiftPackageReference "../mlc-llm/ios/MLCSwift" */,
			);
			preferredProjectObjectVersion = 77;
			productRefGroup = 1D0E32D82E43727F00D79EAB /* Products */;
			projectDirPath = "";
			projectRoot = "";
			targets = (
				1D0E32D62E43727F00D79EAB /* SecretBot */,
				1D0E32E52E43728000D79EAB /* SecretBotTests */,
				1D0E32EF2E43728000D79EAB /* SecretBotUITests */,
			);
		};
/* End PBXProject section */

/* Begin PBXResourcesBuildPhase section */
		1D0E32D52E43727F00D79EAB /* Resources */ = {
			isa = PBXResourcesBuildPhase;
			buildActionMask = 2147483647;
			files = (
			);
			runOnlyForDeploymentPostprocessing = 0;
		};
		1D0E32E42E43728000D79EAB /* Resources */ = {
			isa = PBXResourcesBuildPhase;
			buildActionMask = 2147483647;
			files = (
			);
			runOnlyForDeploymentPostprocessing = 0;
		};
		1D0E32EE2E43728000D79EAB /* Resources */ = {
			isa = PBXResourcesBuildPhase;
			buildActionMask = 2147483647;
			files = (
			);
			runOnlyForDeploymentPostprocessing = 0;
		};
/* End PBXResourcesBuildPhase section */

/* Begin PBXSourcesBuildPhase section */
		1D0E32D32E43727F00D79EAB /* Sources */ = {
			isa = PBXSourcesBuildPhase;
			buildActionMask = 2147483647;
			files = (
			);
			runOnlyForDeploymentPostprocessing = 0;
		};
		1D0E32E22E43728000D79EAB /* Sources */ = {
			isa = PBXSourcesBuildPhase;
			buildActionMask = 2147483647;
			files = (
			);
			runOnlyForDeploymentPostprocessing = 0;
		};
		1D0E32EC2E43728000D79EAB /* Sources */ = {
			isa = PBXSourcesBuildPhase;
			buildActionMask = 2147483647;
			files = (
			);
			runOnlyForDeploymentPostprocessing = 0;
		};
/* End PBXSourcesBuildPhase section */

/* Begin PBXTargetDependency section */
		1D0E32E82E43728000D79EAB /* PBXTargetDependency */ = {
			isa = PBXTargetDependency;
			target = 1D0E32D62E43727F00D79EAB /* SecretBot */;
			targetProxy = 1D0E32E72E43728000D79EAB /* PBXContainerItemProxy */;
		};
		1D0E32F22E43728000D79EAB /* PBXTargetDependency */ = {
			isa = PBXTargetDependency;
			target = 1D0E32D62E43727F00D79EAB /* SecretBot */;
			targetProxy = 1D0E32F12E43728000D79EAB /* PBXContainerItemProxy */;
		};
/* End PBXTargetDependency section */

/* Begin XCBuildConfiguration section */
		1D0E32F82E43728000D79EAB /* Debug */ = {
			isa = XCBuildConfiguration;
			buildSettings = {
				ALWAYS_SEARCH_USER_PATHS = NO;
				ASSETCATALOG_COMPILER_GENERATE_SWIFT_ASSET_SYMBOL_EXTENSIONS = YES;
				CLANG_ANALYZER_NONNULL = YES;
				CLANG_ANALYZER_NUMBER_OBJECT_CONVERSION = YES_AGGRESSIVE;
				CLANG_CXX_LANGUAGE_STANDARD = "gnu++20";
				CLANG_ENABLE_MODULES = YES;
				CLANG_ENABLE_OBJC_ARC = YES;
				CLANG_ENABLE_OBJC_WEAK = YES;
				CLANG_WARN_BLOCK_CAPTURE_AUTORELEASING = YES;
				CLANG_WARN_BOOL_CONVERSION = YES;
				CLANG_WARN_COMMA = YES;
				CLANG_WARN_CONSTANT_CONVERSION = YES;
				CLANG_WARN_DEPRECATED_OBJC_IMPLEMENTATIONS = YES;
				CLANG_WARN_DIRECT_OBJC_ISA_USAGE = YES_ERROR;
				CLANG_WARN_DOCUMENTATION_COMMENTS = YES;
				CLANG_WARN_EMPTY_BODY = YES;
				CLANG_WARN_ENUM_CONVERSION = YES;
				CLANG_WARN_INFINITE_RECURSION = YES;
				CLANG_WARN_INT_CONVERSION = YES;
				CLANG_WARN_NON_LITERAL_NULL_CONVERSION = YES;
				CLANG_WARN_OBJC_IMPLICIT_RETAIN_SELF = YES;
				CLANG_WARN_OBJC_LITERAL_CONVERSION = YES;
				CLANG_WARN_OBJC_ROOT_CLASS = YES_ERROR;
				CLANG_WARN_QUOTED_INCLUDE_IN_FRAMEWORK_HEADER = YES;
				CLANG_WARN_RANGE_LOOP_ANALYSIS = YES;
				CLANG_WARN_STRICT_PROTOTYPES = YES;
				CLANG_WARN_SUSPICIOUS_MOVE = YES;
				CLANG_WARN_UNGUARDED_AVAILABILITY = YES_AGGRESSIVE;
				CLANG_WARN_UNREACHABLE_CODE = YES;
				CLANG_WARN__DUPLICATE_METHOD_MATCH = YES;
				COPY_PHASE_STRIP = NO;
				DEBUG_INFORMATION_FORMAT = dwarf;
				ENABLE_STRICT_OBJC_MSGSEND = YES;
				ENABLE_TESTABILITY = YES;
				ENABLE_USER_SCRIPT_SANDBOXING = YES;
				GCC_C_LANGUAGE_STANDARD = gnu17;
				GCC_DYNAMIC_NO_PIC = NO;
				GCC_NO_COMMON_BLOCKS = YES;
				GCC_OPTIMIZATION_LEVEL = 0;
				GCC_PREPROCESSOR_DEFINITIONS = (
					"DEBUG=1",
					"$(inherited)",
				);
				GCC_WARN_64_TO_32_BIT_CONVERSION = YES;
				GCC_WARN_ABOUT_RETURN_TYPE = YES_ERROR;
				GCC_WARN_UNDECLARED_SELECTOR = YES;
				GCC_WARN_UNINITIALIZED_AUTOS = YES_AGGRESSIVE;
				GCC_WARN_UNUSED_FUNCTION = YES;
				GCC_WARN_UNUSED_VARIABLE = YES;
				IPHONEOS_DEPLOYMENT_TARGET = 18.5;
				LOCALIZATION_PREFERS_STRING_CATALOGS = YES;
				MTL_ENABLE_DEBUG_INFO = INCLUDE_SOURCE;
				MTL_FAST_MATH = YES;
				ONLY_ACTIVE_ARCH = YES;
				SDKROOT = iphoneos;
				SWIFT_ACTIVE_COMPILATION_CONDITIONS = "DEBUG $(inherited)";
				SWIFT_OPTIMIZATION_LEVEL = "-Onone";
			};
			name = Debug;
		};
		1D0E32F92E43728000D79EAB /* Release */ = {
			isa = XCBuildConfiguration;
			buildSettings = {
				ALWAYS_SEARCH_USER_PATHS = NO;
				ASSETCATALOG_COMPILER_GENERATE_SWIFT_ASSET_SYMBOL_EXTENSIONS = YES;
				CLANG_ANALYZER_NONNULL = YES;
				CLANG_ANALYZER_NUMBER_OBJECT_CONVERSION = YES_AGGRESSIVE;
				CLANG_CXX_LANGUAGE_STANDARD = "gnu++20";
				CLANG_ENABLE_MODULES = YES;
				CLANG_ENABLE_OBJC_ARC = YES;
				CLANG_ENABLE_OBJC_WEAK = YES;
				CLANG_WARN_BLOCK_CAPTURE_AUTORELEASING = YES;
				CLANG_WARN_BOOL_CONVERSION = YES;
				CLANG_WARN_COMMA = YES;
				CLANG_WARN_CONSTANT_CONVERSION = YES;
				CLANG_WARN_DEPRECATED_OBJC_IMPLEMENTATIONS = YES;
				CLANG_WARN_DIRECT_OBJC_ISA_USAGE = YES_ERROR;
				CLANG_WARN_DOCUMENTATION_COMMENTS = YES;
				CLANG_WARN_EMPTY_BODY = YES;
				CLANG_WARN_ENUM_CONVERSION = YES;
				CLANG_WARN_INFINITE_RECURSION = YES;
				CLANG_WARN_INT_CONVERSION = YES;
				CLANG_WARN_NON_LITERAL_NULL_CONVERSION = YES;
				CLANG_WARN_OBJC_IMPLICIT_RETAIN_SELF = YES;
				CLANG_WARN_OBJC_LITERAL_CONVERSION = YES;
				CLANG_WARN_OBJC_ROOT_CLASS = YES_ERROR;
				CLANG_WARN_QUOTED_INCLUDE_IN_FRAMEWORK_HEADER = YES;
				CLANG_WARN_RANGE_LOOP_ANALYSIS = YES;
				CLANG_WARN_STRICT_PROTOTYPES = YES;
				CLANG_WARN_SUSPICIOUS_MOVE = YES;
				CLANG_WARN_UNGUARDED_AVAILABILITY = YES_AGGRESSIVE;
				CLANG_WARN_UNREACHABLE_CODE = YES;
				CLANG_WARN__DUPLICATE_METHOD_MATCH = YES;
				COPY_PHASE_STRIP = NO;
				DEBUG_INFORMATION_FORMAT = "dwarf-with-dsym";
				ENABLE_NS_ASSERTIONS = NO;
				ENABLE_STRICT_OBJC_MSGSEND = YES;
				ENABLE_USER_SCRIPT_SANDBOXING = YES;
				GCC_C_LANGUAGE_STANDARD = gnu17;
				GCC_NO_COMMON_BLOCKS = YES;
				GCC_WARN_64_TO_32_BIT_CONVERSION = YES;
				GCC_WARN_ABOUT_RETURN_TYPE = YES_ERROR;
				GCC_WARN_UNDECLARED_SELECTOR = YES;
				GCC_WARN_UNINITIALIZED_AUTOS = YES_AGGRESSIVE;
				GCC_WARN_UNUSED_FUNCTION = YES;
				GCC_WARN_UNUSED_VARIABLE = YES;
				IPHONEOS_DEPLOYMENT_TARGET = 18.5;
				LOCALIZATION_PREFERS_STRING_CATALOGS = YES;
				MTL_ENABLE_DEBUG_INFO = NO;
				MTL_FAST_MATH = YES;
				SDKROOT = iphoneos;
				SWIFT_COMPILATION_MODE = wholemodule;
				VALIDATE_PRODUCT = YES;
			};
			name = Release;
		};
		1D0E32FB2E43728000D79EAB /* Debug */ = {
			isa = XCBuildConfiguration;
			buildSettings = {
				ASSETCATALOG_COMPILER_APPICON_NAME = AppIcon;
				ASSETCATALOG_COMPILER_GLOBAL_ACCENT_COLOR_NAME = AccentColor;
				CODE_SIGN_STYLE = Automatic;
				CURRENT_PROJECT_VERSION = 1;
				ENABLE_PREVIEWS = YES;
				GENERATE_INFOPLIST_FILE = YES;
				INFOPLIST_KEY_UIApplicationSceneManifest_Generation = YES;
				INFOPLIST_KEY_UIApplicationSupportsIndirectInputEvents = YES;
				INFOPLIST_KEY_UILaunchScreen_Generation = YES;
				INFOPLIST_KEY_UISupportedInterfaceOrientations_iPad = "UIInterfaceOrientationPortrait UIInterfaceOrientationPortraitUpsideDown UIInterfaceOrientationLandscapeLeft UIInterfaceOrientationLandscapeRight";
				INFOPLIST_KEY_UISupportedInterfaceOrientations_iPhone = "UIInterfaceOrientationPortrait UIInterfaceOrientationLandscapeLeft UIInterfaceOrientationLandscapeRight";
				LD_RUNPATH_SEARCH_PATHS = (
					"$(inherited)",
					"@executable_path/Frameworks",
				);
				MARKETING_VERSION = 1.0;
				PRODUCT_BUNDLE_IDENTIFIER = com.giakko.SecretBot;
				PRODUCT_NAME = "$(TARGET_NAME)";
				SWIFT_EMIT_LOC_STRINGS = YES;
				SWIFT_VERSION = 5.0;
				TARGETED_DEVICE_FAMILY = "1,2";
			};
			name = Debug;
		};
		1D0E32FC2E43728000D79EAB /* Release */ = {
			isa = XCBuildConfiguration;
			buildSettings = {
				ASSETCATALOG_COMPILER_APPICON_NAME = AppIcon;
				ASSETCATALOG_COMPILER_GLOBAL_ACCENT_COLOR_NAME = AccentColor;
				CODE_SIGN_STYLE = Automatic;
				CURRENT_PROJECT_VERSION = 1;
				ENABLE_PREVIEWS = YES;
				GENERATE_INFOPLIST_FILE = YES;
				INFOPLIST_KEY_UIApplicationSceneManifest_Generation = YES;
				INFOPLIST_KEY_UIApplicationSupportsIndirectInputEvents = YES;
				INFOPLIST_KEY_UILaunchScreen_Generation = YES;
				INFOPLIST_KEY_UISupportedInterfaceOrientations_iPad = "UIInterfaceOrientationPortrait UIInterfaceOrientationPortraitUpsideDown UIInterfaceOrientationLandscapeLeft UIInterfaceOrientationLandscapeRight";
				INFOPLIST_KEY_UISupportedInterfaceOrientations_iPhone = "UIInterfaceOrientationPortrait UIInterfaceOrientationLandscapeLeft UIInterfaceOrientationLandscapeRight";
				LD_RUNPATH_SEARCH_PATHS = (
					"$(inherited)",
					"@executable_path/Frameworks",
				);
				MARKETING_VERSION = 1.0;
				PRODUCT_BUNDLE_IDENTIFIER = com.giakko.SecretBot;
				PRODUCT_NAME = "$(TARGET_NAME)";
				SWIFT_EMIT_LOC_STRINGS = YES;
				SWIFT_VERSION = 5.0;
				TARGETED_DEVICE_FAMILY = "1,2";
			};
			name = Release;
		};
		1D0E32FE2E43728000D79EAB /* Debug */ = {
			isa = XCBuildConfiguration;
			buildSettings = {
				BUNDLE_LOADER = "$(TEST_HOST)";
				CODE_SIGN_STYLE = Automatic;
				CURRENT_PROJECT_VERSION = 1;
				GENERATE_INFOPLIST_FILE = YES;
				IPHONEOS_DEPLOYMENT_TARGET = 18.5;
				MARKETING_VERSION = 1.0;
				PRODUCT_BUNDLE_IDENTIFIER = com.giakko.SecretBotTests;
				PRODUCT_NAME = "$(TARGET_NAME)";
				SWIFT_EMIT_LOC_STRINGS = NO;
				SWIFT_VERSION = 5.0;
				TARGETED_DEVICE_FAMILY = "1,2";
				TEST_HOST = "$(BUILT_PRODUCTS_DIR)/SecretBot.app/$(BUNDLE_EXECUTABLE_FOLDER_PATH)/SecretBot";
			};
			name = Debug;
		};
		1D0E32FF2E43728000D79EAB /* Release */ = {
			isa = XCBuildConfiguration;
			buildSettings = {
				BUNDLE_LOADER = "$(TEST_HOST)";
				CODE_SIGN_STYLE = Automatic;
				CURRENT_PROJECT_VERSION = 1;
				GENERATE_INFOPLIST_FILE = YES;
				IPHONEOS_DEPLOYMENT_TARGET = 18.5;
				MARKETING_VERSION = 1.0;
				PRODUCT_BUNDLE_IDENTIFIER = com.giakko.SecretBotTests;
				PRODUCT_NAME = "$(TARGET_NAME)";
				SWIFT_EMIT_LOC_STRINGS = NO;
				SWIFT_VERSION = 5.0;
				TARGETED_DEVICE_FAMILY = "1,2";
				TEST_HOST = "$(BUILT_PRODUCTS_DIR)/SecretBot.app/$(BUNDLE_EXECUTABLE_FOLDER_PATH)/SecretBot";
			};
			name = Release;
		};
		1D0E33012E43728000D79EAB /* Debug */ = {
			isa = XCBuildConfiguration;
			buildSettings = {
				CODE_SIGN_STYLE = Automatic;
				CURRENT_PROJECT_VERSION = 1;
				GENERATE_INFOPLIST_FILE = YES;
				MARKETING_VERSION = 1.0;
				PRODUCT_BUNDLE_IDENTIFIER = com.giakko.SecretBotUITests;
				PRODUCT_NAME = "$(TARGET_NAME)";
				SWIFT_EMIT_LOC_STRINGS = NO;
				SWIFT_VERSION = 5.0;
				TARGETED_DEVICE_FAMILY = "1,2";
				TEST_TARGET_NAME = SecretBot;
			};
			name = Debug;
		};
		1D0E33022E43728000D79EAB /* Release */ = {
			isa = XCBuildConfiguration;
			buildSettings = {
				CODE_SIGN_STYLE = Automatic;
				CURRENT_PROJECT_VERSION = 1;
				GENERATE_INFOPLIST_FILE = YES;
				MARKETING_VERSION = 1.0;
				PRODUCT_BUNDLE_IDENTIFIER = com.giakko.SecretBotUITests;
				PRODUCT_NAME = "$(TARGET_NAME)";
				SWIFT_EMIT_LOC_STRINGS = NO;
				SWIFT_VERSION = 5.0;
				TARGETED_DEVICE_FAMILY = "1,2";
				TEST_TARGET_NAME = SecretBot;
			};
			name = Release;
		};
/* End XCBuildConfiguration section */

/* Begin XCConfigurationList section */
		1D0E32D22E43727F00D79EAB /* Build configuration list for PBXProject "SecretBot" */ = {
			isa = XCConfigurationList;
			buildConfigurations = (
				1D0E32F82E43728000D79EAB /* Debug */,
				1D0E32F92E43728000D79EAB /* Release */,
			);
			defaultConfigurationIsVisible = 0;
			defaultConfigurationName = Release;
		};
		1D0E32FA2E43728000D79EAB /* Build configuration list for PBXNativeTarget "SecretBot" */ = {
			isa = XCConfigurationList;
			buildConfigurations = (
				1D0E32FB2E43728000D79EAB /* Debug */,
				1D0E32FC2E43728000D79EAB /* Release */,
			);
			defaultConfigurationIsVisible = 0;
			defaultConfigurationName = Release;
		};
		1D0E32FD2E43728000D79EAB /* Build configuration list for PBXNativeTarget "SecretBotTests" */ = {
			isa = XCConfigurationList;
			buildConfigurations = (
				1D0E32FE2E43728000D79EAB /* Debug */,
				1D0E32FF2E43728000D79EAB /* Release */,
			);
			defaultConfigurationIsVisible = 0;
			defaultConfigurationName = Release;
		};
		1D0E33002E43728000D79EAB /* Build configuration list for PBXNativeTarget "SecretBotUITests" */ = {
			isa = XCConfigurationList;
			buildConfigurations = (
				1D0E33012E43728000D79EAB /* Debug */,
				1D0E33022E43728000D79EAB /* Release */,
			);
			defaultConfigurationIsVisible = 0;
			defaultConfigurationName = Release;
		};
/* End XCConfigurationList section */

/* Begin XCLocalSwiftPackageReference section */
		1D0E33032E43742600D79EAB /* XCLocalSwiftPackageReference "../mlc-llm/ios/MLCSwift" */ = {
			isa = XCLocalSwiftPackageReference;
			relativePath = "../mlc-llm/ios/MLCSwift";
		};
/* End XCLocalSwiftPackageReference section */

/* Begin XCSwiftPackageProductDependency section */
		1D0E33042E43742600D79EAB /* MLCSwift */ = {
			isa = XCSwiftPackageProductDependency;
			productName = MLCSwift;
		};
/* End XCSwiftPackageProductDependency section */
	};
	rootObject = 1D0E32CF2E43727F00D79EAB /* Project object */;
}
